
Microsoft Visual Studio Solution File, Format Version 12.00
# Visual Studio Version 17
VisualStudioVersion = 17.5.002.0
MinimumVisualStudioVersion = 10.0.40219.1
Project("{9A19103F-16F7-4668-BE54-9A1E7A4F7556}") = "HorasExtras", "HorasExtras.csproj", "{97DD7FF8-1508-4AB3-9440-681519D6ECA1}"
EndProject
Global
	GlobalSection(SolutionConfigurationPlatforms) = preSolution
		Debug|Any CPU = Debug|Any CPU
		Release|Any CPU = Release|Any CPU
	EndGlobalSection
	GlobalSection(ProjectConfigurationPlatforms) = postSolution
		{97DD7FF8-1508-4AB3-9440-681519D6ECA1}.Debug|Any CPU.ActiveCfg = Debug|Any CPU
		{97DD7FF8-1508-4AB3-9440-681519D6ECA1}.Debug|Any CPU.Build.0 = Debug|Any CPU
		{97DD7FF8-1508-4AB3-9440-681519D6ECA1}.Release|Any CPU.ActiveCfg = Release|Any CPU
		{97DD7FF8-1508-4AB3-9440-681519D6ECA1}.Release|Any CPU.Build.0 = Release|Any CPU
	EndGlobalSection
	GlobalSection(SolutionProperties) = preSolution
		HideSolutionNode = FALSE
	EndGlobalSection
	GlobalSection(ExtensibilityGlobals) = postSolution
		SolutionGuid = {C216C07E-8D82-4665-BC95-C674C2310552}
	EndGlobalSection
EndGlobal
